
Microsoft Visual Studio Solution File, Format Version 12.00
# Visual Studio Version 17
VisualStudioVersion = 17.8.34316.72
MinimumVisualStudioVersion = 10.0.40219.1
Project("{9A19103F-16F7-4668-BE54-9A1E7A4F7556}") = "ApiWeb", "ApiWeb.csproj", "{FCC9A938-70D2-4E05-9F1C-8B9C2D5BFCC2}"
EndProject
Global
	GlobalSection(SolutionConfigurationPlatforms) = preSolution
		Debug|Any CPU = Debug|Any CPU
		Release|Any CPU = Release|Any CPU
	EndGlobalSection
	GlobalSection(ProjectConfigurationPlatforms) = postSolution
		{FCC9A938-70D2-4E05-9F1C-8B9C2D5BFCC2}.Debug|Any CPU.ActiveCfg = Debug|Any CPU
		{FCC9A938-70D2-4E05-9F1C-8B9C2D5BFCC2}.Debug|Any CPU.Build.0 = Debug|Any CPU
		{FCC9A938-70D2-4E05-9F1C-8B9C2D5BFCC2}.Release|Any CPU.ActiveCfg = Release|Any CPU
		{FCC9A938-70D2-4E05-9F1C-8B9C2D5BFCC2}.Release|Any CPU.Build.0 = Release|Any CPU
	EndGlobalSection
	GlobalSection(SolutionProperties) = preSolution
		HideSolutionNode = FALSE
	EndGlobalSection
	GlobalSection(ExtensibilityGlobals) = postSolution
		SolutionGuid = {42292C8F-5BC9-4F46-ACB1-7D1F82DECF75}
	EndGlobalSection
EndGlobal
